
Microsoft Visual Studio Solution File, Format Version 12.00
# Visual Studio Version 16
VisualStudioVersion = 16.0.31019.35
MinimumVisualStudioVersion = 10.0.40219.1
Project("{FAE04EC0-301F-11D3-BF4B-00C04F79EFBC}") = "Tg.PublicityHelperBot", "Tg.PublicityHelperBot.csproj", "{C75F30B5-C770-4FCC-9267-89638BD14606}"
EndProject
Global
	GlobalSection(SolutionConfigurationPlatforms) = preSolution
		Debug|Any CPU = Debug|Any CPU
		Release|Any CPU = Release|Any CPU
	EndGlobalSection
	GlobalSection(ProjectConfigurationPlatforms) = postSolution
		{C75F30B5-C770-4FCC-9267-89638BD14606}.Debug|Any CPU.ActiveCfg = Debug|Any CPU
		{C75F30B5-C770-4FCC-9267-89638BD14606}.Debug|Any CPU.Build.0 = Debug|Any CPU
		{C75F30B5-C770-4FCC-9267-89638BD14606}.Release|Any CPU.ActiveCfg = Release|Any CPU
		{C75F30B5-C770-4FCC-9267-89638BD14606}.Release|Any CPU.Build.0 = Release|Any CPU
	EndGlobalSection
	GlobalSection(SolutionProperties) = preSolution
		HideSolutionNode = FALSE
	EndGlobalSection
	GlobalSection(ExtensibilityGlobals) = postSolution
		SolutionGuid = {A636A910-BD41-43DD-B33F-4671FF181F0D}
	EndGlobalSection
EndGlobal
